
Microsoft Visual Studio Solution File, Format Version 12.00
# Visual Studio Version 16
VisualStudioVersion = 16.0.31613.86
MinimumVisualStudioVersion = 10.0.40219.1
Project("{FAE04EC0-301F-11D3-BF4B-00C04F79EFBC}") = "SumOf3", "SumOf3\SumOf3.csproj", "{4728A8B0-AC98-4BA9-A64D-50A5FEC1184E}"
EndProject
Global
	GlobalSection(SolutionConfigurationPlatforms) = preSolution
		Debug|Any CPU = Debug|Any CPU
		Release|Any CPU = Release|Any CPU
	EndGlobalSection
	GlobalSection(ProjectConfigurationPlatforms) = postSolution
		{4728A8B0-AC98-4BA9-A64D-50A5FEC1184E}.Debug|Any CPU.ActiveCfg = Debug|Any CPU
		{4728A8B0-AC98-4BA9-A64D-50A5FEC1184E}.Debug|Any CPU.Build.0 = Debug|Any CPU
		{4728A8B0-AC98-4BA9-A64D-50A5FEC1184E}.Release|Any CPU.ActiveCfg = Release|Any CPU
		{4728A8B0-AC98-4BA9-A64D-50A5FEC1184E}.Release|Any CPU.Build.0 = Release|Any CPU
	EndGlobalSection
	GlobalSection(SolutionProperties) = preSolution
		HideSolutionNode = FALSE
	EndGlobalSection
	GlobalSection(ExtensibilityGlobals) = postSolution
		SolutionGuid = {BF44D0B3-0D83-42EE-A907-D6AEF6D0C402}
	EndGlobalSection
EndGlobal
